
Microsoft Visual Studio Solution File, Format Version 12.00
# Visual Studio 2013
VisualStudioVersion = 12.0.21005.1
MinimumVisualStudioVersion = 10.0.40219.1
Project("{FAE04EC0-301F-11D3-BF4B-00C04F79EFBC}") = "Program 7 - Medical Supplies", "Program 7 - Medical Supplies\Program 7 - Medical Supplies.csproj", "{DCA9131B-9F13-4D4B-8F8B-B73E1D0AAA9C}"
EndProject
Global
	GlobalSection(SolutionConfigurationPlatforms) = preSolution
		Debug|Any CPU = Debug|Any CPU
		Release|Any CPU = Release|Any CPU
	EndGlobalSection
	GlobalSection(ProjectConfigurationPlatforms) = postSolution
		{DCA9131B-9F13-4D4B-8F8B-B73E1D0AAA9C}.Debug|Any CPU.ActiveCfg = Debug|Any CPU
		{DCA9131B-9F13-4D4B-8F8B-B73E1D0AAA9C}.Debug|Any CPU.Build.0 = Debug|Any CPU
		{DCA9131B-9F13-4D4B-8F8B-B73E1D0AAA9C}.Release|Any CPU.ActiveCfg = Release|Any CPU
		{DCA9131B-9F13-4D4B-8F8B-B73E1D0AAA9C}.Release|Any CPU.Build.0 = Release|Any CPU
	EndGlobalSection
	GlobalSection(SolutionProperties) = preSolution
		HideSolutionNode = FALSE
	EndGlobalSection
EndGlobal
